
Microsoft Visual Studio Solution File, Format Version 12.00
# Visual Studio Version 17
VisualStudioVersion = 17.13.35825.156
MinimumVisualStudioVersion = 10.0.40219.1
Project("{FAE04EC0-301F-11D3-BF4B-00C04F79EFBC}") = "MyGymProject.Client", "MyGymProject.Client.csproj", "{6ACD7942-28E0-47B5-81A7-8C7A5A956FF6}"
EndProject
Project("{FAE04EC0-301F-11D3-BF4B-00C04F79EFBC}") = "MyGymProjectServer", "..\MyGymProjectServer\MyGymProject.Server.csproj", "{FE4D4F0A-5E1B-B2C7-BF7B-D8F3E5C66596}"
EndProject
Global
	GlobalSection(SolutionConfigurationPlatforms) = preSolution
		Debug|Any CPU = Debug|Any CPU
		Release|Any CPU = Release|Any CPU
	EndGlobalSection
	GlobalSection(ProjectConfigurationPlatforms) = postSolution
		{6ACD7942-28E0-47B5-81A7-8C7A5A956FF6}.Debug|Any CPU.ActiveCfg = Debug|Any CPU
		{6ACD7942-28E0-47B5-81A7-8C7A5A956FF6}.Debug|Any CPU.Build.0 = Debug|Any CPU
		{6ACD7942-28E0-47B5-81A7-8C7A5A956FF6}.Release|Any CPU.ActiveCfg = Release|Any CPU
		{6ACD7942-28E0-47B5-81A7-8C7A5A956FF6}.Release|Any CPU.Build.0 = Release|Any CPU
		{FE4D4F0A-5E1B-B2C7-BF7B-D8F3E5C66596}.Debug|Any CPU.ActiveCfg = Debug|Any CPU
		{FE4D4F0A-5E1B-B2C7-BF7B-D8F3E5C66596}.Debug|Any CPU.Build.0 = Debug|Any CPU
		{FE4D4F0A-5E1B-B2C7-BF7B-D8F3E5C66596}.Release|Any CPU.ActiveCfg = Release|Any CPU
		{FE4D4F0A-5E1B-B2C7-BF7B-D8F3E5C66596}.Release|Any CPU.Build.0 = Release|Any CPU
	EndGlobalSection
	GlobalSection(SolutionProperties) = preSolution
		HideSolutionNode = FALSE
	EndGlobalSection
	GlobalSection(ExtensibilityGlobals) = postSolution
		SolutionGuid = {31C4504F-4FB6-487E-97B7-05BBEC7F7C1A}
	EndGlobalSection
EndGlobal
